<?xml version="1.0" encoding="utf-8"?>
<Project ToolsVersion="4.0" xmlns="http://schemas.microsoft.com/developer/msbuild/2003">
  <ItemGroup>
    <ClCompile Include="main.cpp" />
    <ClCompile Include="core\Camera.cpp" />
    <ClCompile Include="core\render\font\Font.cpp" />
    <ClCompile Include="core\render\Mesh.cpp" />
    <ClCompile Include="core\render\Sprite.cpp" />
    <ClCompile Include="core\util\shader.cpp" />
    <ClCompile Include="core\util\ShapeGen.cpp" />
    <ClCompile Include="core\util\utils.cpp" />
    <ClCompile Include="minecraft\Block.cpp" />
    <ClCompile Include="minecraft\TileMap.cpp" />
  </ItemGroup>
  <ItemGroup>
    <ClInclude Include="core\Camera.h" />
    <ClInclude Include="core\render\font\Font.h" />
    <ClInclude Include="core\render\Mesh.h" />
    <ClInclude Include="core\render\Sprite.h" />
    <ClInclude Include="core\util\shader.h" />
    <ClInclude Include="core\util\ShapeGen.h" />
    <ClInclude Include="core\util\utils.h" />
    <ClInclude Include="minecraft\Block.h" />
    <ClInclude Include="minecraft\TileMap.h" />
  </ItemGroup>
  <ItemGroup>
    <None Include="res\shader\basic\frag1.frag" />
    <None Include="res\shader\basic\vert1.vert" />
    <None Include="res\shader\text\text.frag" />
    <None Include="res\shader\text\text.vert" />
  </ItemGroup>
  <ItemGroup>
    <Font Include="res\font\consola.ttf" />
  </ItemGroup>
</Project>